// !$*UTF8*$!
{
	archiveVersion = 1;
	classes = {
	};
	objectVersion = 56;
	objects = {

/* Begin PBXBuildFile section */
		F40512B72D745B2B004A6789 /* ActorArray.swift in Sources */ = {isa = PBXBuildFile; fileRef = F40512B52D745B2B004A6789 /* ActorArray.swift */; };
		F40512B82D745B2B004A6789 /* ApplicationError.swift in Sources */ = {isa = PBXBuildFile; fileRef = F40512B62D745B2B004A6789 /* ApplicationError.swift */; };
		F40CFEE32DCF735E002A63D7 /* ThrowingTask.swift in Sources */ = {isa = PBXBuildFile; fileRef = F40CFEE22DCF735E002A63D7 /* ThrowingTask.swift */; };
		F40CFEE62DCF83B1002A63D7 /* TypedErrorHandler.swift in Sources */ = {isa = PBXBuildFile; fileRef = F40CFEE52DCF83B1002A63D7 /* TypedErrorHandler.swift */; };
		F40CFEE82DCF8DBF002A63D7 /* delay.swift in Sources */ = {isa = PBXBuildFile; fileRef = F40CFEE72DCF8DBF002A63D7 /* delay.swift */; };
		F41438D72E00821E007D0433 /* URL.swift in Sources */ = {isa = PBXBuildFile; fileRef = F41438D62E00821E007D0433 /* URL.swift */; };
		F43C13E32DA80BD300373FF6 /* Color.swift in Sources */ = {isa = PBXBuildFile; fileRef = F43C13E22DA80BD300373FF6 /* Color.swift */; };
		F46C06082D743F030059F1C4 /* HTMLBuilder.swift in Sources */ = {isa = PBXBuildFile; fileRef = F46C06072D743F030059F1C4 /* HTMLBuilder.swift */; };
		F49380DF2DA2A0F300385054 /* Optional.swift in Sources */ = {isa = PBXBuildFile; fileRef = F49380DE2DA2A0F300385054 /* Optional.swift */; };
		F49380E12DA2A14C00385054 /* View.swift in Sources */ = {isa = PBXBuildFile; fileRef = F49380E02DA2A14C00385054 /* View.swift */; };
		F4AB37082D7C95C9002545E1 /* Alertify.swift in Sources */ = {isa = PBXBuildFile; fileRef = F4AB37042D7C95C9002545E1 /* Alertify.swift */; };
		F4AB37092D7C95C9002545E1 /* Alert.swift in Sources */ = {isa = PBXBuildFile; fileRef = F4AB37052D7C95C9002545E1 /* Alert.swift */; };
		F4AB370A2D7C95C9002545E1 /* ProcessView.swift in Sources */ = {isa = PBXBuildFile; fileRef = F4AB37062D7C95C9002545E1 /* ProcessView.swift */; };
		F4AB370B2D7C95C9002545E1 /* Sheet.swift in Sources */ = {isa = PBXBuildFile; fileRef = F4AB37072D7C95C9002545E1 /* Sheet.swift */; };
		F4AB370E2D7C9609002545E1 /* Documentation.docc in Sources */ = {isa = PBXBuildFile; fileRef = F4AB370C2D7C9609002545E1 /* Documentation.docc */; };
		F4AB370F2D7C9609002545E1 /* AlertifySwift.docc in Sources */ = {isa = PBXBuildFile; fileRef = F4AB370D2D7C9609002545E1 /* AlertifySwift.docc */; };
		F4ACC3922F0C03F6005BD0B2 /* AdaptiveSheetHeightModifier.swift in Sources */ = {isa = PBXBuildFile; fileRef = F4ACC3912F0C03F6005BD0B2 /* AdaptiveSheetHeightModifier.swift */; };
		F4ACC3952F0C0448005BD0B2 /* CGFloat++.swift in Sources */ = {isa = PBXBuildFile; fileRef = F4ACC3942F0C0448005BD0B2 /* CGFloat++.swift */; };
		F4ACC3992F0C0AC4005BD0B2 /* TaskGroup.swift in Sources */ = {isa = PBXBuildFile; fileRef = F4ACC3982F0C0AC4005BD0B2 /* TaskGroup.swift */; };
		F4ACC39B2F0C0B2E005BD0B2 /* String.swift in Sources */ = {isa = PBXBuildFile; fileRef = F4ACC39A2F0C0B2E005BD0B2 /* String.swift */; };
		F4B723C32E6C262A009547F1 /* NSAlert.swift in Sources */ = {isa = PBXBuildFile; fileRef = F4B723C22E6C262A009547F1 /* NSAlert.swift */; };
		F4B723C62E6C2747009547F1 /* Array.swift in Sources */ = {isa = PBXBuildFile; fileRef = F4B723C52E6C2747009547F1 /* Array.swift */; };
		F4B9A9582E3BCFB300D0888F /* Localizable2.xcstrings in Resources */ = {isa = PBXBuildFile; fileRef = F4B9A9572E3BCFB300D0888F /* Localizable2.xcstrings */; };
		F4B9A95F2E3BDD0E00D0888F /* Localizable.stringsdict in Resources */ = {isa = PBXBuildFile; fileRef = F4B9A95D2E3BDD0E00D0888F /* Localizable.stringsdict */; };
		F4E133542DB14CCA00F8E9D9 /* Data.swift in Sources */ = {isa = PBXBuildFile; fileRef = F4E133532DB14CCA00F8E9D9 /* Data.swift */; };
		F4E133562DB15DC500F8E9D9 /* DecodedFromString.swift in Sources */ = {isa = PBXBuildFile; fileRef = F4E133552DB15DC500F8E9D9 /* DecodedFromString.swift */; };
		F4ED50AC2D720D2B006E2A71 /* UtilsApp.swift in Sources */ = {isa = PBXBuildFile; fileRef = F4ED50AB2D720D2B006E2A71 /* UtilsApp.swift */; };
		F4ED50AE2D720D2B006E2A71 /* ContentView.swift in Sources */ = {isa = PBXBuildFile; fileRef = F4ED50AD2D720D2B006E2A71 /* ContentView.swift */; };
		F4ED50B02D720D2D006E2A71 /* Assets.xcassets in Resources */ = {isa = PBXBuildFile; fileRef = F4ED50AF2D720D2D006E2A71 /* Assets.xcassets */; };
		F4ED50B32D720D2D006E2A71 /* Preview Assets.xcassets in Resources */ = {isa = PBXBuildFile; fileRef = F4ED50B22D720D2D006E2A71 /* Preview Assets.xcassets */; };
		F4ED50BD2D720D5B006E2A71 /* UIView.swift in Sources */ = {isa = PBXBuildFile; fileRef = F4ED50B92D720D5B006E2A71 /* UIView.swift */; };
		F4ED50BE2D720D5B006E2A71 /* UITableView_UICollectionView.swift in Sources */ = {isa = PBXBuildFile; fileRef = F4ED50BA2D720D5B006E2A71 /* UITableView_UICollectionView.swift */; };
		F4ED50BF2D720D5B006E2A71 /* CGPoint+CGSize_Ext.swift in Sources */ = {isa = PBXBuildFile; fileRef = F4ED50BB2D720D5B006E2A71 /* CGPoint+CGSize_Ext.swift */; };
		F4ED50C02D720D5B006E2A71 /* UserDefaults.swift in Sources */ = {isa = PBXBuildFile; fileRef = F4ED50BC2D720D5B006E2A71 /* UserDefaults.swift */; };
		F4ED50C22D720DA6006E2A71 /* Swift HTML.swift in Sources */ = {isa = PBXBuildFile; fileRef = F4ED50C12D720DA6006E2A71 /* Swift HTML.swift */; };
		F4ED50C52D720F7A006E2A71 /* Header.swift in Sources */ = {isa = PBXBuildFile; fileRef = F4ED50C42D720F7A006E2A71 /* Header.swift */; };
		F4F529DD2F13D1D5005BCDC6 /* ActorDictionary.swift in Sources */ = {isa = PBXBuildFile; fileRef = F4F529DC2F13D1D5005BCDC6 /* ActorDictionary.swift */; };
/* End PBXBuildFile section */

/* Begin PBXFileReference section */
		F40512B52D745B2B004A6789 /* ActorArray.swift */ = {isa = PBXFileReference; fileEncoding = 4; lastKnownFileType = sourcecode.swift; path = ActorArray.swift; sourceTree = "<group>"; };
		F40512B62D745B2B004A6789 /* ApplicationError.swift */ = {isa = PBXFileReference; fileEncoding = 4; lastKnownFileType = sourcecode.swift; path = ApplicationError.swift; sourceTree = "<group>"; };
		F40CFEE22DCF735E002A63D7 /* ThrowingTask.swift */ = {isa = PBXFileReference; lastKnownFileType = sourcecode.swift; path = ThrowingTask.swift; sourceTree = "<group>"; };
		F40CFEE52DCF83B1002A63D7 /* TypedErrorHandler.swift */ = {isa = PBXFileReference; lastKnownFileType = sourcecode.swift; path = TypedErrorHandler.swift; sourceTree = "<group>"; };
		F40CFEE72DCF8DBF002A63D7 /* delay.swift */ = {isa = PBXFileReference; lastKnownFileType = sourcecode.swift; path = delay.swift; sourceTree = "<group>"; };
		F41438D62E00821E007D0433 /* URL.swift */ = {isa = PBXFileReference; fileEncoding = 4; lastKnownFileType = sourcecode.swift; path = URL.swift; sourceTree = "<group>"; };
		F43C13E22DA80BD300373FF6 /* Color.swift */ = {isa = PBXFileReference; lastKnownFileType = sourcecode.swift; path = Color.swift; sourceTree = "<group>"; };
		F46C06072D743F030059F1C4 /* HTMLBuilder.swift */ = {isa = PBXFileReference; lastKnownFileType = sourcecode.swift; path = HTMLBuilder.swift; sourceTree = "<group>"; };
		F49380DE2DA2A0F300385054 /* Optional.swift */ = {isa = PBXFileReference; lastKnownFileType = sourcecode.swift; path = Optional.swift; sourceTree = "<group>"; };
		F49380E02DA2A14C00385054 /* View.swift */ = {isa = PBXFileReference; fileEncoding = 4; lastKnownFileType = sourcecode.swift; path = View.swift; sourceTree = "<group>"; };
		F4AB37042D7C95C9002545E1 /* Alertify.swift */ = {isa = PBXFileReference; fileEncoding = 4; lastKnownFileType = sourcecode.swift; path = Alertify.swift; sourceTree = "<group>"; };
		F4AB37052D7C95C9002545E1 /* Alert.swift */ = {isa = PBXFileReference; fileEncoding = 4; lastKnownFileType = sourcecode.swift; path = Alert.swift; sourceTree = "<group>"; };
		F4AB37062D7C95C9002545E1 /* ProcessView.swift */ = {isa = PBXFileReference; fileEncoding = 4; lastKnownFileType = sourcecode.swift; path = ProcessView.swift; sourceTree = "<group>"; };
		F4AB37072D7C95C9002545E1 /* Sheet.swift */ = {isa = PBXFileReference; fileEncoding = 4; lastKnownFileType = sourcecode.swift; path = Sheet.swift; sourceTree = "<group>"; };
		F4AB370C2D7C9609002545E1 /* Documentation.docc */ = {isa = PBXFileReference; lastKnownFileType = folder.documentationcatalog; path = Documentation.docc; sourceTree = "<group>"; };
		F4AB370D2D7C9609002545E1 /* AlertifySwift.docc */ = {isa = PBXFileReference; lastKnownFileType = folder.documentationcatalog; path = AlertifySwift.docc; sourceTree = "<group>"; };
		F4ACC3912F0C03F6005BD0B2 /* AdaptiveSheetHeightModifier.swift */ = {isa = PBXFileReference; fileEncoding = 4; lastKnownFileType = sourcecode.swift; path = AdaptiveSheetHeightModifier.swift; sourceTree = "<group>"; };
		F4ACC3942F0C0448005BD0B2 /* CGFloat++.swift */ = {isa = PBXFileReference; fileEncoding = 4; lastKnownFileType = sourcecode.swift; path = "CGFloat++.swift"; sourceTree = "<group>"; };
		F4ACC3982F0C0AC4005BD0B2 /* TaskGroup.swift */ = {isa = PBXFileReference; fileEncoding = 4; lastKnownFileType = sourcecode.swift; path = TaskGroup.swift; sourceTree = "<group>"; };
		F4ACC39A2F0C0B2E005BD0B2 /* String.swift */ = {isa = PBXFileReference; lastKnownFileType = sourcecode.swift; path = String.swift; sourceTree = "<group>"; };
		F4B723C22E6C262A009547F1 /* NSAlert.swift */ = {isa = PBXFileReference; lastKnownFileType = sourcecode.swift; path = NSAlert.swift; sourceTree = "<group>"; };
		F4B723C52E6C2747009547F1 /* Array.swift */ = {isa = PBXFileReference; lastKnownFileType = sourcecode.swift; path = Array.swift; sourceTree = "<group>"; };
		F4B9A9572E3BCFB300D0888F /* Localizable2.xcstrings */ = {isa = PBXFileReference; lastKnownFileType = text.json.xcstrings; path = Localizable2.xcstrings; sourceTree = "<group>"; };
		F4B9A95E2E3BDD0E00D0888F /* en */ = {isa = PBXFileReference; lastKnownFileType = text.plist.stringsdict; name = en; path = en.lproj/Localizable.stringsdict; sourceTree = "<group>"; };
		F4B9A9602E3BDE5500D0888F /* ar */ = {isa = PBXFileReference; lastKnownFileType = text.plist.stringsdict; name = ar; path = ar.lproj/Localizable.stringsdict; sourceTree = "<group>"; };
		F4E133532DB14CCA00F8E9D9 /* Data.swift */ = {isa = PBXFileReference; lastKnownFileType = sourcecode.swift; path = Data.swift; sourceTree = "<group>"; };
		F4E133552DB15DC500F8E9D9 /* DecodedFromString.swift */ = {isa = PBXFileReference; lastKnownFileType = sourcecode.swift; path = DecodedFromString.swift; sourceTree = "<group>"; };
		F4ED50A82D720D2B006E2A71 /* Utils.app */ = {isa = PBXFileReference; explicitFileType = wrapper.application; includeInIndex = 0; path = Utils.app; sourceTree = BUILT_PRODUCTS_DIR; };
		F4ED50AB2D720D2B006E2A71 /* UtilsApp.swift */ = {isa = PBXFileReference; lastKnownFileType = sourcecode.swift; path = UtilsApp.swift; sourceTree = "<group>"; };
		F4ED50AD2D720D2B006E2A71 /* ContentView.swift */ = {isa = PBXFileReference; lastKnownFileType = sourcecode.swift; path = ContentView.swift; sourceTree = "<group>"; };
		F4ED50AF2D720D2D006E2A71 /* Assets.xcassets */ = {isa = PBXFileReference; lastKnownFileType = folder.assetcatalog; path = Assets.xcassets; sourceTree = "<group>"; };
		F4ED50B22D720D2D006E2A71 /* Preview Assets.xcassets */ = {isa = PBXFileReference; lastKnownFileType = folder.assetcatalog; path = "Preview Assets.xcassets"; sourceTree = "<group>"; };
		F4ED50B92D720D5B006E2A71 /* UIView.swift */ = {isa = PBXFileReference; fileEncoding = 4; lastKnownFileType = sourcecode.swift; path = UIView.swift; sourceTree = "<group>"; };
		F4ED50BA2D720D5B006E2A71 /* UITableView_UICollectionView.swift */ = {isa = PBXFileReference; fileEncoding = 4; lastKnownFileType = sourcecode.swift; path = UITableView_UICollectionView.swift; sourceTree = "<group>"; };
		F4ED50BB2D720D5B006E2A71 /* CGPoint+CGSize_Ext.swift */ = {isa = PBXFileReference; fileEncoding = 4; lastKnownFileType = sourcecode.swift; path = "CGPoint+CGSize_Ext.swift"; sourceTree = "<group>"; };
		F4ED50BC2D720D5B006E2A71 /* UserDefaults.swift */ = {isa = PBXFileReference; fileEncoding = 4; lastKnownFileType = sourcecode.swift; path = UserDefaults.swift; sourceTree = "<group>"; };
		F4ED50C12D720DA6006E2A71 /* Swift HTML.swift */ = {isa = PBXFileReference; lastKnownFileType = sourcecode.swift; path = "Swift HTML.swift"; sourceTree = "<group>"; };
		F4ED50C42D720F7A006E2A71 /* Header.swift */ = {isa = PBXFileReference; lastKnownFileType = sourcecode.swift; path = Header.swift; sourceTree = "<group>"; };
		F4F529DC2F13D1D5005BCDC6 /* ActorDictionary.swift */ = {isa = PBXFileReference; fileEncoding = 4; lastKnownFileType = sourcecode.swift; path = ActorDictionary.swift; sourceTree = "<group>"; };
/* End PBXFileReference section */

/* Begin PBXFrameworksBuildPhase section */
		F4ED50A52D720D2B006E2A71 /* Frameworks */ = {
			isa = PBXFrameworksBuildPhase;
			buildActionMask = 2147483647;
			files = (
			);
			runOnlyForDeploymentPostprocessing = 0;
		};
/* End PBXFrameworksBuildPhase section */

/* Begin PBXGroup section */
		F40CFEE42DCF839A002A63D7 /* ThrowingTask */ = {
			isa = PBXGroup;
			children = (
				F40CFEE22DCF735E002A63D7 /* ThrowingTask.swift */,
				F40CFEE52DCF83B1002A63D7 /* TypedErrorHandler.swift */,
			);
			path = ThrowingTask;
			sourceTree = "<group>";
		};
		F4AB37032D7C95B9002545E1 /* Alertify */ = {
			isa = PBXGroup;
			children = (
				F4AB37052D7C95C9002545E1 /* Alert.swift */,
				F4AB37042D7C95C9002545E1 /* Alertify.swift */,
				F4AB37062D7C95C9002545E1 /* ProcessView.swift */,
				F4AB37072D7C95C9002545E1 /* Sheet.swift */,
			);
			path = Alertify;
			sourceTree = "<group>";
		};
		F4ACC3932F0C0416005BD0B2 /* ViewModifier */ = {
			isa = PBXGroup;
			children = (
				F4ACC3912F0C03F6005BD0B2 /* AdaptiveSheetHeightModifier.swift */,
			);
			path = ViewModifier;
			sourceTree = "<group>";
		};
		F4ACC3962F0C0A25005BD0B2 /* UIKit */ = {
			isa = PBXGroup;
			children = (
				F4ED50BA2D720D5B006E2A71 /* UITableView_UICollectionView.swift */,
				F4ED50B92D720D5B006E2A71 /* UIView.swift */,
			);
			path = UIKit;
			sourceTree = "<group>";
		};
		F4ACC3972F0C0A3A005BD0B2 /* SwiftUI */ = {
			isa = PBXGroup;
			children = (
				F49380E02DA2A14C00385054 /* View.swift */,
				F43C13E22DA80BD300373FF6 /* Color.swift */,
			);
			path = SwiftUI;
			sourceTree = "<group>";
		};
		F4B723C42E6C26E6009547F1 /* Extensions */ = {
			isa = PBXGroup;
			children = (
				F4ACC3982F0C0AC4005BD0B2 /* TaskGroup.swift */,
				F4ACC3972F0C0A3A005BD0B2 /* SwiftUI */,
				F4ACC3962F0C0A25005BD0B2 /* UIKit */,
				F4ED50BB2D720D5B006E2A71 /* CGPoint+CGSize_Ext.swift */,
				F49380DE2DA2A0F300385054 /* Optional.swift */,
				F41438D62E00821E007D0433 /* URL.swift */,
				F4ACC3942F0C0448005BD0B2 /* CGFloat++.swift */,
				F4ED50BC2D720D5B006E2A71 /* UserDefaults.swift */,
				F4B723C52E6C2747009547F1 /* Array.swift */,
				F4ACC39A2F0C0B2E005BD0B2 /* String.swift */,
			);
			path = Extensions;
			sourceTree = "<group>";
		};
		F4ED509F2D720D2B006E2A71 = {
			isa = PBXGroup;
			children = (
				F4ED50AA2D720D2B006E2A71 /* Utils */,
				F4ED50A92D720D2B006E2A71 /* Products */,
			);
			sourceTree = "<group>";
		};
		F4ED50A92D720D2B006E2A71 /* Products */ = {
			isa = PBXGroup;
			children = (
				F4ED50A82D720D2B006E2A71 /* Utils.app */,
			);
			name = Products;
			sourceTree = "<group>";
		};
		F4ED50AA2D720D2B006E2A71 /* Utils */ = {
			isa = PBXGroup;
			children = (
				F4ED50AB2D720D2B006E2A71 /* UtilsApp.swift */,
				F4ED50AD2D720D2B006E2A71 /* ContentView.swift */,
				F40CFEE72DCF8DBF002A63D7 /* delay.swift */,
				F40CFEE42DCF839A002A63D7 /* ThrowingTask */,
				F4B723C22E6C262A009547F1 /* NSAlert.swift */,
				F4E133532DB14CCA00F8E9D9 /* Data.swift */,
				F4F529DB2F13D08D005BCDC6 /* Actors */,
				F4ACC3932F0C0416005BD0B2 /* ViewModifier */,
				F4B723C42E6C26E6009547F1 /* Extensions */,
				F4E133552DB15DC500F8E9D9 /* DecodedFromString.swift */,
				F40512B62D745B2B004A6789 /* ApplicationError.swift */,
				F4AB37032D7C95B9002545E1 /* Alertify */,
				F4ED50C32D720F67006E2A71 /* Swift HTML */,
				F4AB370D2D7C9609002545E1 /* AlertifySwift.docc */,
				F4AB370C2D7C9609002545E1 /* Documentation.docc */,
				F4ED50AF2D720D2D006E2A71 /* Assets.xcassets */,
				F4ED50B12D720D2D006E2A71 /* Preview Content */,
				F4B9A9572E3BCFB300D0888F /* Localizable2.xcstrings */,
				F4B9A95D2E3BDD0E00D0888F /* Localizable.stringsdict */,
			);
			path = Utils;
			sourceTree = "<group>";
		};
		F4ED50B12D720D2D006E2A71 /* Preview Content */ = {
			isa = PBXGroup;
			children = (
				F4ED50B22D720D2D006E2A71 /* Preview Assets.xcassets */,
			);
			path = "Preview Content";
			sourceTree = "<group>";
		};
		F4ED50C32D720F67006E2A71 /* Swift HTML */ = {
			isa = PBXGroup;
			children = (
				F4ED50C12D720DA6006E2A71 /* Swift HTML.swift */,
				F46C06072D743F030059F1C4 /* HTMLBuilder.swift */,
				F4ED50C42D720F7A006E2A71 /* Header.swift */,
			);
			path = "Swift HTML";
			sourceTree = "<group>";
		};
		F4F529DB2F13D08D005BCDC6 /* Actors */ = {
			isa = PBXGroup;
			children = (
				F40512B52D745B2B004A6789 /* ActorArray.swift */,
				F4F529DC2F13D1D5005BCDC6 /* ActorDictionary.swift */,
			);
			path = Actors;
			sourceTree = "<group>";
		};
/* End PBXGroup section */

/* Begin PBXNativeTarget section */
		F4ED50A72D720D2B006E2A71 /* Utils */ = {
			isa = PBXNativeTarget;
			buildConfigurationList = F4ED50B62D720D2D006E2A71 /* Build configuration list for PBXNativeTarget "Utils" */;
			buildPhases = (
				F4ED50A42D720D2B006E2A71 /* Sources */,
				F4ED50A52D720D2B006E2A71 /* Frameworks */,
				F4ED50A62D720D2B006E2A71 /* Resources */,
			);
			buildRules = (
			);
			dependencies = (
			);
			name = Utils;
			productName = Utils;
			productReference = F4ED50A82D720D2B006E2A71 /* Utils.app */;
			productType = "com.apple.product-type.application";
		};
/* End PBXNativeTarget section */

/* Begin PBXProject section */
		F4ED50A02D720D2B006E2A71 /* Project object */ = {
			isa = PBXProject;
			attributes = {
				BuildIndependentTargetsInParallel = 1;
				LastSwiftUpdateCheck = 1530;
				LastUpgradeCheck = 1530;
				TargetAttributes = {
					F4ED50A72D720D2B006E2A71 = {
						CreatedOnToolsVersion = 15.3;
					};
				};
			};
			buildConfigurationList = F4ED50A32D720D2B006E2A71 /* Build configuration list for PBXProject "Utils" */;
			compatibilityVersion = "Xcode 14.0";
			developmentRegion = en;
			hasScannedForEncodings = 0;
			knownRegions = (
				en,
				Base,
				ar,
			);
			mainGroup = F4ED509F2D720D2B006E2A71;
			productRefGroup = F4ED50A92D720D2B006E2A71 /* Products */;
			projectDirPath = "";
			projectRoot = "";
			targets = (
				F4ED50A72D720D2B006E2A71 /* Utils */,
			);
		};
/* End PBXProject section */

/* Begin PBXResourcesBuildPhase section */
		F4ED50A62D720D2B006E2A71 /* Resources */ = {
			isa = PBXResourcesBuildPhase;
			buildActionMask = 2147483647;
			files = (
				F4ED50B32D720D2D006E2A71 /* Preview Assets.xcassets in Resources */,
				F4B9A95F2E3BDD0E00D0888F /* Localizable.stringsdict in Resources */,
				F4ED50B02D720D2D006E2A71 /* Assets.xcassets in Resources */,
				F4B9A9582E3BCFB300D0888F /* Localizable2.xcstrings in Resources */,
			);
			runOnlyForDeploymentPostprocessing = 0;
		};
/* End PBXResourcesBuildPhase section */

/* Begin PBXSourcesBuildPhase section */
		F4ED50A42D720D2B006E2A71 /* Sources */ = {
			isa = PBXSourcesBuildPhase;
			buildActionMask = 2147483647;
			files = (
				F49380E12DA2A14C00385054 /* View.swift in Sources */,
				F4B723C32E6C262A009547F1 /* NSAlert.swift in Sources */,
				F4AB370B2D7C95C9002545E1 /* Sheet.swift in Sources */,
				F43C13E32DA80BD300373FF6 /* Color.swift in Sources */,
				F40512B82D745B2B004A6789 /* ApplicationError.swift in Sources */,
				F4AB37082D7C95C9002545E1 /* Alertify.swift in Sources */,
				F41438D72E00821E007D0433 /* URL.swift in Sources */,
				F4AB370E2D7C9609002545E1 /* Documentation.docc in Sources */,
				F4ED50C52D720F7A006E2A71 /* Header.swift in Sources */,
				F4B723C62E6C2747009547F1 /* Array.swift in Sources */,
				F4ACC3952F0C0448005BD0B2 /* CGFloat++.swift in Sources */,
				F40512B72D745B2B004A6789 /* ActorArray.swift in Sources */,
				F4ED50AE2D720D2B006E2A71 /* ContentView.swift in Sources */,
				F4AB37092D7C95C9002545E1 /* Alert.swift in Sources */,
				F40CFEE32DCF735E002A63D7 /* ThrowingTask.swift in Sources */,
				F4ED50C22D720DA6006E2A71 /* Swift HTML.swift in Sources */,
				F4ED50BF2D720D5B006E2A71 /* CGPoint+CGSize_Ext.swift in Sources */,
				F4ED50C02D720D5B006E2A71 /* UserDefaults.swift in Sources */,
				F40CFEE62DCF83B1002A63D7 /* TypedErrorHandler.swift in Sources */,
				F4F529DD2F13D1D5005BCDC6 /* ActorDictionary.swift in Sources */,
				F4ED50BD2D720D5B006E2A71 /* UIView.swift in Sources */,
				F4AB370F2D7C9609002545E1 /* AlertifySwift.docc in Sources */,
				F4AB370A2D7C95C9002545E1 /* ProcessView.swift in Sources */,
				F46C06082D743F030059F1C4 /* HTMLBuilder.swift in Sources */,
				F4ACC3922F0C03F6005BD0B2 /* AdaptiveSheetHeightModifier.swift in Sources */,
				F4E133562DB15DC500F8E9D9 /* DecodedFromString.swift in Sources */,
				F4ED50BE2D720D5B006E2A71 /* UITableView_UICollectionView.swift in Sources */,
				F49380DF2DA2A0F300385054 /* Optional.swift in Sources */,
				F40CFEE82DCF8DBF002A63D7 /* delay.swift in Sources */,
				F4ACC3992F0C0AC4005BD0B2 /* TaskGroup.swift in Sources */,
				F4ED50AC2D720D2B006E2A71 /* UtilsApp.swift in Sources */,
				F4ACC39B2F0C0B2E005BD0B2 /* String.swift in Sources */,
				F4E133542DB14CCA00F8E9D9 /* Data.swift in Sources */,
			);
			runOnlyForDeploymentPostprocessing = 0;
		};
/* End PBXSourcesBuildPhase section */

/* Begin PBXVariantGroup section */
		F4B9A95D2E3BDD0E00D0888F /* Localizable.stringsdict */ = {
			isa = PBXVariantGroup;
			children = (
				F4B9A95E2E3BDD0E00D0888F /* en */,
				F4B9A9602E3BDE5500D0888F /* ar */,
			);
			name = Localizable.stringsdict;
			sourceTree = "<group>";
		};
/* End PBXVariantGroup section */

/* Begin XCBuildConfiguration section */
		F4ED50B42D720D2D006E2A71 /* Debug */ = {
			isa = XCBuildConfiguration;
			buildSettings = {
				ALWAYS_SEARCH_USER_PATHS = NO;
				ASSETCATALOG_COMPILER_GENERATE_SWIFT_ASSET_SYMBOL_EXTENSIONS = YES;
				CLANG_ANALYZER_LOCALIZABILITY_NONLOCALIZED = YES;
				CLANG_ANALYZER_NONNULL = YES;
				CLANG_ANALYZER_NUMBER_OBJECT_CONVERSION = YES_AGGRESSIVE;
				CLANG_CXX_LANGUAGE_STANDARD = "gnu++20";
				CLANG_ENABLE_MODULES = YES;
				CLANG_ENABLE_OBJC_ARC = YES;
				CLANG_ENABLE_OBJC_WEAK = YES;
				CLANG_WARN_BLOCK_CAPTURE_AUTORELEASING = YES;
				CLANG_WARN_BOOL_CONVERSION = YES;
				CLANG_WARN_COMMA = YES;
				CLANG_WARN_CONSTANT_CONVERSION = YES;
				CLANG_WARN_DEPRECATED_OBJC_IMPLEMENTATIONS = YES;
				CLANG_WARN_DIRECT_OBJC_ISA_USAGE = YES_ERROR;
				CLANG_WARN_DOCUMENTATION_COMMENTS = YES;
				CLANG_WARN_EMPTY_BODY = YES;
				CLANG_WARN_ENUM_CONVERSION = YES;
				CLANG_WARN_INFINITE_RECURSION = YES;
				CLANG_WARN_INT_CONVERSION = YES;
				CLANG_WARN_NON_LITERAL_NULL_CONVERSION = YES;
				CLANG_WARN_OBJC_IMPLICIT_RETAIN_SELF = YES;
				CLANG_WARN_OBJC_LITERAL_CONVERSION = YES;
				CLANG_WARN_OBJC_ROOT_CLASS = YES_ERROR;
				CLANG_WARN_QUOTED_INCLUDE_IN_FRAMEWORK_HEADER = YES;
				CLANG_WARN_RANGE_LOOP_ANALYSIS = YES;
				CLANG_WARN_STRICT_PROTOTYPES = YES;
				CLANG_WARN_SUSPICIOUS_MOVE = YES;
				CLANG_WARN_UNGUARDED_AVAILABILITY = YES_AGGRESSIVE;
				CLANG_WARN_UNREACHABLE_CODE = YES;
				CLANG_WARN__DUPLICATE_METHOD_MATCH = YES;
				COPY_PHASE_STRIP = NO;
				DEBUG_INFORMATION_FORMAT = dwarf;
				ENABLE_STRICT_OBJC_MSGSEND = YES;
				ENABLE_TESTABILITY = YES;
				ENABLE_USER_SCRIPT_SANDBOXING = YES;
				GCC_C_LANGUAGE_STANDARD = gnu17;
				GCC_DYNAMIC_NO_PIC = NO;
				GCC_NO_COMMON_BLOCKS = YES;
				GCC_OPTIMIZATION_LEVEL = 0;
				GCC_PREPROCESSOR_DEFINITIONS = (
					"DEBUG=1",
					"$(inherited)",
				);
				GCC_WARN_64_TO_32_BIT_CONVERSION = YES;
				GCC_WARN_ABOUT_RETURN_TYPE = YES_ERROR;
				GCC_WARN_UNDECLARED_SELECTOR = YES;
				GCC_WARN_UNINITIALIZED_AUTOS = YES_AGGRESSIVE;
				GCC_WARN_UNUSED_FUNCTION = YES;
				GCC_WARN_UNUSED_VARIABLE = YES;
				IPHONEOS_DEPLOYMENT_TARGET = 17.4;
				LOCALIZATION_PREFERS_STRING_CATALOGS = YES;
				MTL_ENABLE_DEBUG_INFO = INCLUDE_SOURCE;
				MTL_FAST_MATH = YES;
				ONLY_ACTIVE_ARCH = YES;
				SDKROOT = iphoneos;
				SWIFT_ACTIVE_COMPILATION_CONDITIONS = "DEBUG $(inherited)";
				SWIFT_OPTIMIZATION_LEVEL = "-Onone";
			};
			name = Debug;
		};
		F4ED50B52D720D2D006E2A71 /* Release */ = {
			isa = XCBuildConfiguration;
			buildSettings = {
				ALWAYS_SEARCH_USER_PATHS = NO;
				ASSETCATALOG_COMPILER_GENERATE_SWIFT_ASSET_SYMBOL_EXTENSIONS = YES;
				CLANG_ANALYZER_LOCALIZABILITY_NONLOCALIZED = YES;
				CLANG_ANALYZER_NONNULL = YES;
				CLANG_ANALYZER_NUMBER_OBJECT_CONVERSION = YES_AGGRESSIVE;
				CLANG_CXX_LANGUAGE_STANDARD = "gnu++20";
				CLANG_ENABLE_MODULES = YES;
				CLANG_ENABLE_OBJC_ARC = YES;
				CLANG_ENABLE_OBJC_WEAK = YES;
				CLANG_WARN_BLOCK_CAPTURE_AUTORELEASING = YES;
				CLANG_WARN_BOOL_CONVERSION = YES;
				CLANG_WARN_COMMA = YES;
				CLANG_WARN_CONSTANT_CONVERSION = YES;
				CLANG_WARN_DEPRECATED_OBJC_IMPLEMENTATIONS = YES;
				CLANG_WARN_DIRECT_OBJC_ISA_USAGE = YES_ERROR;
				CLANG_WARN_DOCUMENTATION_COMMENTS = YES;
				CLANG_WARN_EMPTY_BODY = YES;
				CLANG_WARN_ENUM_CONVERSION = YES;
				CLANG_WARN_INFINITE_RECURSION = YES;
				CLANG_WARN_INT_CONVERSION = YES;
				CLANG_WARN_NON_LITERAL_NULL_CONVERSION = YES;
				CLANG_WARN_OBJC_IMPLICIT_RETAIN_SELF = YES;
				CLANG_WARN_OBJC_LITERAL_CONVERSION = YES;
				CLANG_WARN_OBJC_ROOT_CLASS = YES_ERROR;
				CLANG_WARN_QUOTED_INCLUDE_IN_FRAMEWORK_HEADER = YES;
				CLANG_WARN_RANGE_LOOP_ANALYSIS = YES;
				CLANG_WARN_STRICT_PROTOTYPES = YES;
				CLANG_WARN_SUSPICIOUS_MOVE = YES;
				CLANG_WARN_UNGUARDED_AVAILABILITY = YES_AGGRESSIVE;
				CLANG_WARN_UNREACHABLE_CODE = YES;
				CLANG_WARN__DUPLICATE_METHOD_MATCH = YES;
				COPY_PHASE_STRIP = NO;
				DEBUG_INFORMATION_FORMAT = "dwarf-with-dsym";
				ENABLE_NS_ASSERTIONS = NO;
				ENABLE_STRICT_OBJC_MSGSEND = YES;
				ENABLE_USER_SCRIPT_SANDBOXING = YES;
				GCC_C_LANGUAGE_STANDARD = gnu17;
				GCC_NO_COMMON_BLOCKS = YES;
				GCC_WARN_64_TO_32_BIT_CONVERSION = YES;
				GCC_WARN_ABOUT_RETURN_TYPE = YES_ERROR;
				GCC_WARN_UNDECLARED_SELECTOR = YES;
				GCC_WARN_UNINITIALIZED_AUTOS = YES_AGGRESSIVE;
				GCC_WARN_UNUSED_FUNCTION = YES;
				GCC_WARN_UNUSED_VARIABLE = YES;
				IPHONEOS_DEPLOYMENT_TARGET = 17.4;
				LOCALIZATION_PREFERS_STRING_CATALOGS = YES;
				MTL_ENABLE_DEBUG_INFO = NO;
				MTL_FAST_MATH = YES;
				SDKROOT = iphoneos;
				SWIFT_COMPILATION_MODE = wholemodule;
				VALIDATE_PRODUCT = YES;
			};
			name = Release;
		};
		F4ED50B72D720D2D006E2A71 /* Debug */ = {
			isa = XCBuildConfiguration;
			buildSettings = {
				ASSETCATALOG_COMPILER_APPICON_NAME = AppIcon;
				ASSETCATALOG_COMPILER_GLOBAL_ACCENT_COLOR_NAME = AccentColor;
				CODE_SIGN_STYLE = Automatic;
				CURRENT_PROJECT_VERSION = 1;
				DEVELOPMENT_ASSET_PATHS = "\"Utils/Preview Content\"";
				ENABLE_PREVIEWS = YES;
				GENERATE_INFOPLIST_FILE = YES;
				INFOPLIST_KEY_UIApplicationSceneManifest_Generation = YES;
				INFOPLIST_KEY_UIApplicationSupportsIndirectInputEvents = YES;
				INFOPLIST_KEY_UILaunchScreen_Generation = YES;
				INFOPLIST_KEY_UISupportedInterfaceOrientations_iPad = "UIInterfaceOrientationPortrait UIInterfaceOrientationPortraitUpsideDown UIInterfaceOrientationLandscapeLeft UIInterfaceOrientationLandscapeRight";
				INFOPLIST_KEY_UISupportedInterfaceOrientations_iPhone = "UIInterfaceOrientationPortrait UIInterfaceOrientationLandscapeLeft UIInterfaceOrientationLandscapeRight";
				IPHONEOS_DEPLOYMENT_TARGET = 16.0;
				LD_RUNPATH_SEARCH_PATHS = (
					"$(inherited)",
					"@executable_path/Frameworks",
				);
				MARKETING_VERSION = 1.0;
				PRODUCT_BUNDLE_IDENTIFIER = com.mnthn.Utils;
				PRODUCT_NAME = "$(TARGET_NAME)";
				SWIFT_EMIT_LOC_STRINGS = YES;
				SWIFT_VERSION = 5.0;
				TARGETED_DEVICE_FAMILY = "1,2";
			};
			name = Debug;
		};
		F4ED50B82D720D2D006E2A71 /* Release */ = {
			isa = XCBuildConfiguration;
			buildSettings = {
				ASSETCATALOG_COMPILER_APPICON_NAME = AppIcon;
				ASSETCATALOG_COMPILER_GLOBAL_ACCENT_COLOR_NAME = AccentColor;
				CODE_SIGN_STYLE = Automatic;
				CURRENT_PROJECT_VERSION = 1;
				DEVELOPMENT_ASSET_PATHS = "\"Utils/Preview Content\"";
				ENABLE_PREVIEWS = YES;
				GENERATE_INFOPLIST_FILE = YES;
				INFOPLIST_KEY_UIApplicationSceneManifest_Generation = YES;
				INFOPLIST_KEY_UIApplicationSupportsIndirectInputEvents = YES;
				INFOPLIST_KEY_UILaunchScreen_Generation = YES;
				INFOPLIST_KEY_UISupportedInterfaceOrientations_iPad = "UIInterfaceOrientationPortrait UIInterfaceOrientationPortraitUpsideDown UIInterfaceOrientationLandscapeLeft UIInterfaceOrientationLandscapeRight";
				INFOPLIST_KEY_UISupportedInterfaceOrientations_iPhone = "UIInterfaceOrientationPortrait UIInterfaceOrientationLandscapeLeft UIInterfaceOrientationLandscapeRight";
				IPHONEOS_DEPLOYMENT_TARGET = 16.0;
				LD_RUNPATH_SEARCH_PATHS = (
					"$(inherited)",
					"@executable_path/Frameworks",
				);
				MARKETING_VERSION = 1.0;
				PRODUCT_BUNDLE_IDENTIFIER = com.mnthn.Utils;
				PRODUCT_NAME = "$(TARGET_NAME)";
				SWIFT_EMIT_LOC_STRINGS = YES;
				SWIFT_VERSION = 5.0;
				TARGETED_DEVICE_FAMILY = "1,2";
			};
			name = Release;
		};
/* End XCBuildConfiguration section */

/* Begin XCConfigurationList section */
		F4ED50A32D720D2B006E2A71 /* Build configuration list for PBXProject "Utils" */ = {
			isa = XCConfigurationList;
			buildConfigurations = (
				F4ED50B42D720D2D006E2A71 /* Debug */,
				F4ED50B52D720D2D006E2A71 /* Release */,
			);
			defaultConfigurationIsVisible = 0;
			defaultConfigurationName = Release;
		};
		F4ED50B62D720D2D006E2A71 /* Build configuration list for PBXNativeTarget "Utils" */ = {
			isa = XCConfigurationList;
			buildConfigurations = (
				F4ED50B72D720D2D006E2A71 /* Debug */,
				F4ED50B82D720D2D006E2A71 /* Release */,
			);
			defaultConfigurationIsVisible = 0;
			defaultConfigurationName = Release;
		};
/* End XCConfigurationList section */
	};
	rootObject = F4ED50A02D720D2B006E2A71 /* Project object */;
}
